{
  "originHash" : "bb4356dfae3365d597ad0b29d7a93f0f8f1e4f5ecb37ab3864ba9a82a938d4c1",
  "pins" : [
    {
      "identity" : "swift-mutex",
      "kind" : "remoteSourceControl",
      "location" : "https://github.com/swhitty/swift-mutex",
      "state" : {
        "revision" : "44bbc8c4ed4e123fe34f687f1741e6c46c0b62b7",
        "version" : "0.0.5"
      }
    },
    {
      "identity" : "swiftformat",
      "kind" : "remoteSourceControl",
      "location" : "https://github.com/nicklockwood/SwiftFormat",
      "state" : {
        "revision" : "4e92b81311f528cfdca8015d629c650d0aff94ce",
        "version" : "0.55.4"
      }
    }
  ],
  "version" : 3
}
